
Microsoft Visual Studio Solution File, Format Version 12.00
# Visual Studio 15
VisualStudioVersion = 15.0.26228.9
MinimumVisualStudioVersion = 10.0.40219.1
Project("{FAE04EC0-301F-11D3-BF4B-00C04F79EFBC}") = "PointOfSale", "PointOfSale\PointOfSale.csproj", "{85CA623E-00DB-4914-943F-158758A5A0E7}"
EndProject
Project("{54435603-DBB4-11D2-8724-00A0C9A8B90C}") = "Installer", "Installer\Installer.vdproj", "{5CB62F82-F5F0-41A5-BAD4-A04EEFBA0A31}"
EndProject
Global
	GlobalSection(SolutionConfigurationPlatforms) = preSolution
		CppsDeployProduction|Any CPU = CppsDeployProduction|Any CPU
		CppsDeployProduction|x86 = CppsDeployProduction|x86
		CppsDeployStaging|Any CPU = CppsDeployStaging|Any CPU
		CppsDeployStaging|x86 = CppsDeployStaging|x86
		CppsDeployTest|Any CPU = CppsDeployTest|Any CPU
		CppsDeployTest|x86 = CppsDeployTest|x86
		Debug|Any CPU = Debug|Any CPU
		Debug|x86 = Debug|x86
		DefaultBuild|Any CPU = DefaultBuild|Any CPU
		DefaultBuild|x86 = DefaultBuild|x86
		DeployDemo|Any CPU = DeployDemo|Any CPU
		DeployDemo|x86 = DeployDemo|x86
		DeployDevelopNrp|Any CPU = DeployDevelopNrp|Any CPU
		DeployDevelopNrp|x86 = DeployDevelopNrp|x86
		DeployProduction|Any CPU = DeployProduction|Any CPU
		DeployProduction|x86 = DeployProduction|x86
		DeployStaging|Any CPU = DeployStaging|Any CPU
		DeployStaging|x86 = DeployStaging|x86
		DeployTest|Any CPU = DeployTest|Any CPU
		DeployTest|x86 = DeployTest|x86
		DeployTest2|Any CPU = DeployTest2|Any CPU
		DeployTest2|x86 = DeployTest2|x86
		MMDeployProduction|Any CPU = MMDeployProduction|Any CPU
		MMDeployProduction|x86 = MMDeployProduction|x86
		MMDeployStaging|Any CPU = MMDeployStaging|Any CPU
		MMDeployStaging|x86 = MMDeployStaging|x86
		MMDeployTest|Any CPU = MMDeployTest|Any CPU
		MMDeployTest|x86 = MMDeployTest|x86
		NrpDeployProduction|Any CPU = NrpDeployProduction|Any CPU
		NrpDeployProduction|x86 = NrpDeployProduction|x86
		NrpDeployStaging|Any CPU = NrpDeployStaging|Any CPU
		NrpDeployStaging|x86 = NrpDeployStaging|x86
		NrpDeployTest|Any CPU = NrpDeployTest|Any CPU
		NrpDeployTest|x86 = NrpDeployTest|x86
		Release|Any CPU = Release|Any CPU
		Release|x86 = Release|x86
	EndGlobalSection
	GlobalSection(ProjectConfigurationPlatforms) = postSolution
		{85CA623E-00DB-4914-943F-158758A5A0E7}.CppsDeployProduction|Any CPU.ActiveCfg = Release|Any CPU
		{85CA623E-00DB-4914-943F-158758A5A0E7}.CppsDeployProduction|x86.ActiveCfg = Release|Any CPU
		{85CA623E-00DB-4914-943F-158758A5A0E7}.CppsDeployStaging|Any CPU.ActiveCfg = Release|Any CPU
		{85CA623E-00DB-4914-943F-158758A5A0E7}.CppsDeployStaging|x86.ActiveCfg = Release|Any CPU
		{85CA623E-00DB-4914-943F-158758A5A0E7}.CppsDeployTest|Any CPU.ActiveCfg = Release|Any CPU
		{85CA623E-00DB-4914-943F-158758A5A0E7}.CppsDeployTest|x86.ActiveCfg = Release|Any CPU
		{85CA623E-00DB-4914-943F-158758A5A0E7}.Debug|Any CPU.ActiveCfg = Debug|Any CPU
		{85CA623E-00DB-4914-943F-158758A5A0E7}.Debug|Any CPU.Build.0 = Debug|Any CPU
		{85CA623E-00DB-4914-943F-158758A5A0E7}.Debug|x86.ActiveCfg = Debug|Any CPU
		{85CA623E-00DB-4914-943F-158758A5A0E7}.Debug|x86.Build.0 = Debug|Any CPU
		{85CA623E-00DB-4914-943F-158758A5A0E7}.DefaultBuild|Any CPU.ActiveCfg = Debug|Any CPU
		{85CA623E-00DB-4914-943F-158758A5A0E7}.DefaultBuild|Any CPU.Build.0 = Debug|Any CPU
		{85CA623E-00DB-4914-943F-158758A5A0E7}.DefaultBuild|x86.ActiveCfg = Debug|Any CPU
		{85CA623E-00DB-4914-943F-158758A5A0E7}.DefaultBuild|x86.Build.0 = Debug|Any CPU
		{85CA623E-00DB-4914-943F-158758A5A0E7}.DeployDemo|Any CPU.ActiveCfg = Debug|Any CPU
		{85CA623E-00DB-4914-943F-158758A5A0E7}.DeployDemo|x86.ActiveCfg = Debug|Any CPU
		{85CA623E-00DB-4914-943F-158758A5A0E7}.DeployDevelopNrp|Any CPU.ActiveCfg = Debug|Any CPU
		{85CA623E-00DB-4914-943F-158758A5A0E7}.DeployDevelopNrp|x86.ActiveCfg = Debug|Any CPU
		{85CA623E-00DB-4914-943F-158758A5A0E7}.DeployProduction|Any CPU.ActiveCfg = Debug|Any CPU
		{85CA623E-00DB-4914-943F-158758A5A0E7}.DeployProduction|x86.ActiveCfg = Debug|Any CPU
		{85CA623E-00DB-4914-943F-158758A5A0E7}.DeployStaging|Any CPU.ActiveCfg = Debug|Any CPU
		{85CA623E-00DB-4914-943F-158758A5A0E7}.DeployStaging|x86.ActiveCfg = Debug|Any CPU
		{85CA623E-00DB-4914-943F-158758A5A0E7}.DeployTest|Any CPU.ActiveCfg = Debug|Any CPU
		{85CA623E-00DB-4914-943F-158758A5A0E7}.DeployTest|x86.ActiveCfg = Debug|Any CPU
		{85CA623E-00DB-4914-943F-158758A5A0E7}.DeployTest2|Any CPU.ActiveCfg = Debug|Any CPU
		{85CA623E-00DB-4914-943F-158758A5A0E7}.DeployTest2|x86.ActiveCfg = Debug|Any CPU
		{85CA623E-00DB-4914-943F-158758A5A0E7}.MMDeployProduction|Any CPU.ActiveCfg = Release|Any CPU
		{85CA623E-00DB-4914-943F-158758A5A0E7}.MMDeployProduction|x86.ActiveCfg = Release|Any CPU
		{85CA623E-00DB-4914-943F-158758A5A0E7}.MMDeployStaging|Any CPU.ActiveCfg = Release|Any CPU
		{85CA623E-00DB-4914-943F-158758A5A0E7}.MMDeployStaging|x86.ActiveCfg = Release|Any CPU
		{85CA623E-00DB-4914-943F-158758A5A0E7}.MMDeployTest|Any CPU.ActiveCfg = Release|Any CPU
		{85CA623E-00DB-4914-943F-158758A5A0E7}.MMDeployTest|x86.ActiveCfg = Release|Any CPU
		{85CA623E-00DB-4914-943F-158758A5A0E7}.NrpDeployProduction|Any CPU.ActiveCfg = Release|Any CPU
		{85CA623E-00DB-4914-943F-158758A5A0E7}.NrpDeployProduction|x86.ActiveCfg = Release|Any CPU
		{85CA623E-00DB-4914-943F-158758A5A0E7}.NrpDeployStaging|Any CPU.ActiveCfg = Release|Any CPU
		{85CA623E-00DB-4914-943F-158758A5A0E7}.NrpDeployStaging|x86.ActiveCfg = Release|Any CPU
		{85CA623E-00DB-4914-943F-158758A5A0E7}.NrpDeployTest|Any CPU.ActiveCfg = Release|Any CPU
		{85CA623E-00DB-4914-943F-158758A5A0E7}.NrpDeployTest|x86.ActiveCfg = Release|Any CPU
		{85CA623E-00DB-4914-943F-158758A5A0E7}.Release|Any CPU.ActiveCfg = Release|Any CPU
		{85CA623E-00DB-4914-943F-158758A5A0E7}.Release|Any CPU.Build.0 = Release|Any CPU
		{85CA623E-00DB-4914-943F-158758A5A0E7}.Release|x86.ActiveCfg = Release|Any CPU
		{85CA623E-00DB-4914-943F-158758A5A0E7}.Release|x86.Build.0 = Release|Any CPU
		{5CB62F82-F5F0-41A5-BAD4-A04EEFBA0A31}.CppsDeployProduction|Any CPU.ActiveCfg = Release
		{5CB62F82-F5F0-41A5-BAD4-A04EEFBA0A31}.CppsDeployProduction|x86.ActiveCfg = Release
		{5CB62F82-F5F0-41A5-BAD4-A04EEFBA0A31}.CppsDeployStaging|Any CPU.ActiveCfg = Release
		{5CB62F82-F5F0-41A5-BAD4-A04EEFBA0A31}.CppsDeployStaging|x86.ActiveCfg = Release
		{5CB62F82-F5F0-41A5-BAD4-A04EEFBA0A31}.CppsDeployTest|Any CPU.ActiveCfg = Release
		{5CB62F82-F5F0-41A5-BAD4-A04EEFBA0A31}.CppsDeployTest|x86.ActiveCfg = Release
		{5CB62F82-F5F0-41A5-BAD4-A04EEFBA0A31}.Debug|Any CPU.ActiveCfg = Debug
		{5CB62F82-F5F0-41A5-BAD4-A04EEFBA0A31}.Debug|x86.ActiveCfg = Debug
		{5CB62F82-F5F0-41A5-BAD4-A04EEFBA0A31}.DefaultBuild|Any CPU.ActiveCfg = Debug
		{5CB62F82-F5F0-41A5-BAD4-A04EEFBA0A31}.DefaultBuild|x86.ActiveCfg = Debug
		{5CB62F82-F5F0-41A5-BAD4-A04EEFBA0A31}.DeployDemo|Any CPU.ActiveCfg = Debug
		{5CB62F82-F5F0-41A5-BAD4-A04EEFBA0A31}.DeployDemo|x86.ActiveCfg = Debug
		{5CB62F82-F5F0-41A5-BAD4-A04EEFBA0A31}.DeployDevelopNrp|Any CPU.ActiveCfg = Debug
		{5CB62F82-F5F0-41A5-BAD4-A04EEFBA0A31}.DeployDevelopNrp|x86.ActiveCfg = Debug
		{5CB62F82-F5F0-41A5-BAD4-A04EEFBA0A31}.DeployProduction|Any CPU.ActiveCfg = Debug
		{5CB62F82-F5F0-41A5-BAD4-A04EEFBA0A31}.DeployProduction|x86.ActiveCfg = Debug
		{5CB62F82-F5F0-41A5-BAD4-A04EEFBA0A31}.DeployStaging|Any CPU.ActiveCfg = Debug
		{5CB62F82-F5F0-41A5-BAD4-A04EEFBA0A31}.DeployStaging|x86.ActiveCfg = Debug
		{5CB62F82-F5F0-41A5-BAD4-A04EEFBA0A31}.DeployTest|Any CPU.ActiveCfg = Debug
		{5CB62F82-F5F0-41A5-BAD4-A04EEFBA0A31}.DeployTest|x86.ActiveCfg = Debug
		{5CB62F82-F5F0-41A5-BAD4-A04EEFBA0A31}.DeployTest2|Any CPU.ActiveCfg = Debug
		{5CB62F82-F5F0-41A5-BAD4-A04EEFBA0A31}.DeployTest2|x86.ActiveCfg = Debug
		{5CB62F82-F5F0-41A5-BAD4-A04EEFBA0A31}.MMDeployProduction|Any CPU.ActiveCfg = Release
		{5CB62F82-F5F0-41A5-BAD4-A04EEFBA0A31}.MMDeployProduction|x86.ActiveCfg = Release
		{5CB62F82-F5F0-41A5-BAD4-A04EEFBA0A31}.MMDeployStaging|Any CPU.ActiveCfg = Release
		{5CB62F82-F5F0-41A5-BAD4-A04EEFBA0A31}.MMDeployStaging|x86.ActiveCfg = Release
		{5CB62F82-F5F0-41A5-BAD4-A04EEFBA0A31}.MMDeployTest|Any CPU.ActiveCfg = Release
		{5CB62F82-F5F0-41A5-BAD4-A04EEFBA0A31}.MMDeployTest|x86.ActiveCfg = Release
		{5CB62F82-F5F0-41A5-BAD4-A04EEFBA0A31}.NrpDeployProduction|Any CPU.ActiveCfg = Release
		{5CB62F82-F5F0-41A5-BAD4-A04EEFBA0A31}.NrpDeployProduction|x86.ActiveCfg = Release
		{5CB62F82-F5F0-41A5-BAD4-A04EEFBA0A31}.NrpDeployStaging|Any CPU.ActiveCfg = Release
		{5CB62F82-F5F0-41A5-BAD4-A04EEFBA0A31}.NrpDeployStaging|x86.ActiveCfg = Release
		{5CB62F82-F5F0-41A5-BAD4-A04EEFBA0A31}.NrpDeployTest|Any CPU.ActiveCfg = Release
		{5CB62F82-F5F0-41A5-BAD4-A04EEFBA0A31}.NrpDeployTest|x86.ActiveCfg = Release
		{5CB62F82-F5F0-41A5-BAD4-A04EEFBA0A31}.Release|Any CPU.ActiveCfg = Release
		{5CB62F82-F5F0-41A5-BAD4-A04EEFBA0A31}.Release|x86.ActiveCfg = Release
	EndGlobalSection
	GlobalSection(SolutionProperties) = preSolution
		HideSolutionNode = FALSE
	EndGlobalSection
EndGlobal
